
Microsoft Visual Studio Solution File, Format Version 12.00
# Visual Studio Version 16
VisualStudioVersion = 16.0.30717.126
MinimumVisualStudioVersion = 10.0.40219.1
Project("{FAE04EC0-301F-11D3-BF4B-00C04F79EFBC}") = "BrainfuckDiscordBot", "BrainfuckDiscordBot.csproj", "{EBE7C388-53E5-4E57-A0A9-BF2DC7A5647D}"
EndProject
Global
	GlobalSection(SolutionConfigurationPlatforms) = preSolution
		Debug|Any CPU = Debug|Any CPU
		Release|Any CPU = Release|Any CPU
	EndGlobalSection
	GlobalSection(ProjectConfigurationPlatforms) = postSolution
		{EBE7C388-53E5-4E57-A0A9-BF2DC7A5647D}.Debug|Any CPU.ActiveCfg = Debug|Any CPU
		{EBE7C388-53E5-4E57-A0A9-BF2DC7A5647D}.Debug|Any CPU.Build.0 = Debug|Any CPU
		{EBE7C388-53E5-4E57-A0A9-BF2DC7A5647D}.Release|Any CPU.ActiveCfg = Release|Any CPU
		{EBE7C388-53E5-4E57-A0A9-BF2DC7A5647D}.Release|Any CPU.Build.0 = Release|Any CPU
	EndGlobalSection
	GlobalSection(SolutionProperties) = preSolution
		HideSolutionNode = FALSE
	EndGlobalSection
	GlobalSection(ExtensibilityGlobals) = postSolution
		SolutionGuid = {39D29573-8CC4-41DA-9A48-C50B89EAEAB0}
	EndGlobalSection
EndGlobal
